// !$*UTF8*$!
{
	archiveVersion = 1;
	classes = {
	};
	objectVersion = 46;
	objects = {

/* Begin PBXBuildFile section */
		4E5718B4184CCA96004FE39C /* DBManager.m in Sources */ = {isa = PBXBuildFile; fileRef = 4E5718B3184CCA96004FE39C /* DBManager.m */; };
		4E5718B6184CCAEA004FE39C /* libsqlite3.dylib in Frameworks */ = {isa = PBXBuildFile; fileRef = 4E5718B5184CCAEA004FE39C /* libsqlite3.dylib */; };
		4E5A7152181E6E05001ED6FF /* NotesViewController.m in Sources */ = {isa = PBXBuildFile; fileRef = 4E5A7151181E6E05001ED6FF /* NotesViewController.m */; };
		4EA95BE918081E4F0061D231 /* Foundation.framework in Frameworks */ = {isa = PBXBuildFile; fileRef = 4EA95BE818081E4F0061D231 /* Foundation.framework */; };
		4EA95BEB18081E4F0061D231 /* CoreGraphics.framework in Frameworks */ = {isa = PBXBuildFile; fileRef = 4EA95BEA18081E4F0061D231 /* CoreGraphics.framework */; };
		4EA95BED18081E4F0061D231 /* UIKit.framework in Frameworks */ = {isa = PBXBuildFile; fileRef = 4EA95BEC18081E4F0061D231 /* UIKit.framework */; };
		4EA95BF318081E4F0061D231 /* InfoPlist.strings in Resources */ = {isa = PBXBuildFile; fileRef = 4EA95BF118081E4F0061D231 /* InfoPlist.strings */; };
		4EA95BF518081E4F0061D231 /* main.m in Sources */ = {isa = PBXBuildFile; fileRef = 4EA95BF418081E4F0061D231 /* main.m */; };
		4EA95BFB18081E4F0061D231 /* Images.xcassets in Resources */ = {isa = PBXBuildFile; fileRef = 4EA95BFA18081E4F0061D231 /* Images.xcassets */; };
		4EA95C0218081E4F0061D231 /* XCTest.framework in Frameworks */ = {isa = PBXBuildFile; fileRef = 4EA95C0118081E4F0061D231 /* XCTest.framework */; };
		4EA95C0318081E500061D231 /* Foundation.framework in Frameworks */ = {isa = PBXBuildFile; fileRef = 4EA95BE818081E4F0061D231 /* Foundation.framework */; };
		4EA95C0418081E500061D231 /* UIKit.framework in Frameworks */ = {isa = PBXBuildFile; fileRef = 4EA95BEC18081E4F0061D231 /* UIKit.framework */; };
		4EA95C0C18081E500061D231 /* InfoPlist.strings in Resources */ = {isa = PBXBuildFile; fileRef = 4EA95C0A18081E500061D231 /* InfoPlist.strings */; };
		4EA95C0E18081E500061D231 /* To_DoTests.m in Sources */ = {isa = PBXBuildFile; fileRef = 4EA95C0D18081E500061D231 /* To_DoTests.m */; };
		4EB8B912186B9BFA00C6B3F3 /* Manager.m in Sources */ = {isa = PBXBuildFile; fileRef = 4EB8B911186B9BFA00C6B3F3 /* Manager.m */; };
		4EBC94F4184F732A006AC2CE /* LogManager.m in Sources */ = {isa = PBXBuildFile; fileRef = 4EBC94F3184F732A006AC2CE /* LogManager.m */; };
		4ED4C41E1817D0FC006EB84F /* MainViewController.m in Sources */ = {isa = PBXBuildFile; fileRef = 4ED4C4151817D0FC006EB84F /* MainViewController.m */; };
		4ED4C41F1817D0FC006EB84F /* NewTaskViewController.m in Sources */ = {isa = PBXBuildFile; fileRef = 4ED4C4171817D0FC006EB84F /* NewTaskViewController.m */; };
		4ED4C4201817D0FC006EB84F /* Task.m in Sources */ = {isa = PBXBuildFile; fileRef = 4ED4C4181817D0FC006EB84F /* Task.m */; };
		4ED4C4211817D0FC006EB84F /* To_DoAppDelegate.m in Sources */ = {isa = PBXBuildFile; fileRef = 4ED4C41A1817D0FC006EB84F /* To_DoAppDelegate.m */; };
		4ED4C4221817D0FC006EB84F /* ViewTaskController.m in Sources */ = {isa = PBXBuildFile; fileRef = 4ED4C41D1817D0FC006EB84F /* ViewTaskController.m */; };
		4ED5BC56181A5FC000C1765A /* Note.m in Sources */ = {isa = PBXBuildFile; fileRef = 4ED5BC55181A5FC000C1765A /* Note.m */; };
		4ED5BC5F181A61AD00C1765A /* Category1.m in Sources */ = {isa = PBXBuildFile; fileRef = 4ED5BC5E181A61AD00C1765A /* Category1.m */; };
/* End PBXBuildFile section */

/* Begin PBXContainerItemProxy section */
		4EA95C0518081E500061D231 /* PBXContainerItemProxy */ = {
			isa = PBXContainerItemProxy;
			containerPortal = 4EA95BDD18081E4F0061D231 /* Project object */;
			proxyType = 1;
			remoteGlobalIDString = 4EA95BE418081E4F0061D231;
			remoteInfo = "To-Do";
		};
/* End PBXContainerItemProxy section */

/* Begin PBXFileReference section */
		4E5718B2184CCA96004FE39C /* DBManager.h */ = {isa = PBXFileReference; fileEncoding = 4; lastKnownFileType = sourcecode.c.h; path = DBManager.h; sourceTree = "<group>"; };
		4E5718B3184CCA96004FE39C /* DBManager.m */ = {isa = PBXFileReference; fileEncoding = 4; lastKnownFileType = sourcecode.c.objc; path = DBManager.m; sourceTree = "<group>"; };
		4E5718B5184CCAEA004FE39C /* libsqlite3.dylib */ = {isa = PBXFileReference; lastKnownFileType = "compiled.mach-o.dylib"; name = libsqlite3.dylib; path = usr/lib/libsqlite3.dylib; sourceTree = SDKROOT; };
		4E5A7150181E6E05001ED6FF /* NotesViewController.h */ = {isa = PBXFileReference; fileEncoding = 4; lastKnownFileType = sourcecode.c.h; path = NotesViewController.h; sourceTree = "<group>"; };
		4E5A7151181E6E05001ED6FF /* NotesViewController.m */ = {isa = PBXFileReference; fileEncoding = 4; lastKnownFileType = sourcecode.c.objc; path = NotesViewController.m; sourceTree = "<group>"; };
		4EA95BE518081E4F0061D231 /* To-Do.app */ = {isa = PBXFileReference; explicitFileType = wrapper.application; includeInIndex = 0; path = "To-Do.app"; sourceTree = BUILT_PRODUCTS_DIR; };
		4EA95BE818081E4F0061D231 /* Foundation.framework */ = {isa = PBXFileReference; lastKnownFileType = wrapper.framework; name = Foundation.framework; path = System/Library/Frameworks/Foundation.framework; sourceTree = SDKROOT; };
		4EA95BEA18081E4F0061D231 /* CoreGraphics.framework */ = {isa = PBXFileReference; lastKnownFileType = wrapper.framework; name = CoreGraphics.framework; path = System/Library/Frameworks/CoreGraphics.framework; sourceTree = SDKROOT; };
		4EA95BEC18081E4F0061D231 /* UIKit.framework */ = {isa = PBXFileReference; lastKnownFileType = wrapper.framework; name = UIKit.framework; path = System/Library/Frameworks/UIKit.framework; sourceTree = SDKROOT; };
		4EA95BF018081E4F0061D231 /* To-Do-Info.plist */ = {isa = PBXFileReference; lastKnownFileType = text.plist.xml; path = "To-Do-Info.plist"; sourceTree = "<group>"; };
		4EA95BF218081E4F0061D231 /* en */ = {isa = PBXFileReference; lastKnownFileType = text.plist.strings; name = en; path = en.lproj/InfoPlist.strings; sourceTree = "<group>"; };
		4EA95BF418081E4F0061D231 /* main.m */ = {isa = PBXFileReference; lastKnownFileType = sourcecode.c.objc; path = main.m; sourceTree = "<group>"; };
		4EA95BF618081E4F0061D231 /* To-Do-Prefix.pch */ = {isa = PBXFileReference; lastKnownFileType = sourcecode.c.h; path = "To-Do-Prefix.pch"; sourceTree = "<group>"; };
		4EA95BFA18081E4F0061D231 /* Images.xcassets */ = {isa = PBXFileReference; lastKnownFileType = folder.assetcatalog; path = Images.xcassets; sourceTree = "<group>"; };
		4EA95C0018081E4F0061D231 /* To-DoTests.xctest */ = {isa = PBXFileReference; explicitFileType = wrapper.cfbundle; includeInIndex = 0; path = "To-DoTests.xctest"; sourceTree = BUILT_PRODUCTS_DIR; };
		4EA95C0118081E4F0061D231 /* XCTest.framework */ = {isa = PBXFileReference; lastKnownFileType = wrapper.framework; name = XCTest.framework; path = Library/Frameworks/XCTest.framework; sourceTree = DEVELOPER_DIR; };
		4EA95C0918081E500061D231 /* To-DoTests-Info.plist */ = {isa = PBXFileReference; lastKnownFileType = text.plist.xml; path = "To-DoTests-Info.plist"; sourceTree = "<group>"; };
		4EA95C0B18081E500061D231 /* en */ = {isa = PBXFileReference; lastKnownFileType = text.plist.strings; name = en; path = en.lproj/InfoPlist.strings; sourceTree = "<group>"; };
		4EA95C0D18081E500061D231 /* To_DoTests.m */ = {isa = PBXFileReference; lastKnownFileType = sourcecode.c.objc; path = To_DoTests.m; sourceTree = "<group>"; };
		4EB8B910186B9BFA00C6B3F3 /* Manager.h */ = {isa = PBXFileReference; fileEncoding = 4; lastKnownFileType = sourcecode.c.h; path = Manager.h; sourceTree = "<group>"; };
		4EB8B911186B9BFA00C6B3F3 /* Manager.m */ = {isa = PBXFileReference; fileEncoding = 4; lastKnownFileType = sourcecode.c.objc; path = Manager.m; sourceTree = "<group>"; };
		4EBC94F2184F732A006AC2CE /* LogManager.h */ = {isa = PBXFileReference; fileEncoding = 4; lastKnownFileType = sourcecode.c.h; path = LogManager.h; sourceTree = "<group>"; };
		4EBC94F3184F732A006AC2CE /* LogManager.m */ = {isa = PBXFileReference; fileEncoding = 4; lastKnownFileType = sourcecode.c.objc; path = LogManager.m; sourceTree = "<group>"; };
		4ED4C4141817D0FC006EB84F /* MainViewController.h */ = {isa = PBXFileReference; fileEncoding = 4; lastKnownFileType = sourcecode.c.h; path = MainViewController.h; sourceTree = "<group>"; };
		4ED4C4151817D0FC006EB84F /* MainViewController.m */ = {isa = PBXFileReference; fileEncoding = 4; lastKnownFileType = sourcecode.c.objc; path = MainViewController.m; sourceTree = "<group>"; };
		4ED4C4161817D0FC006EB84F /* NewTaskViewController.h */ = {isa = PBXFileReference; fileEncoding = 4; lastKnownFileType = sourcecode.c.h; path = NewTaskViewController.h; sourceTree = "<group>"; };
		4ED4C4171817D0FC006EB84F /* NewTaskViewController.m */ = {isa = PBXFileReference; fileEncoding = 4; lastKnownFileType = sourcecode.c.objc; path = NewTaskViewController.m; sourceTree = "<group>"; };
		4ED4C4181817D0FC006EB84F /* Task.m */ = {isa = PBXFileReference; fileEncoding = 4; lastKnownFileType = sourcecode.c.objc; path = Task.m; sourceTree = "<group>"; };
		4ED4C4191817D0FC006EB84F /* Task.h */ = {isa = PBXFileReference; fileEncoding = 4; lastKnownFileType = sourcecode.c.h; path = Task.h; sourceTree = "<group>"; };
		4ED4C41A1817D0FC006EB84F /* To_DoAppDelegate.m */ = {isa = PBXFileReference; fileEncoding = 4; lastKnownFileType = sourcecode.c.objc; path = To_DoAppDelegate.m; sourceTree = "<group>"; };
		4ED4C41B1817D0FC006EB84F /* To_DoAppDelegate.h */ = {isa = PBXFileReference; fileEncoding = 4; lastKnownFileType = sourcecode.c.h; path = To_DoAppDelegate.h; sourceTree = "<group>"; };
		4ED4C41C1817D0FC006EB84F /* ViewTaskController.h */ = {isa = PBXFileReference; fileEncoding = 4; lastKnownFileType = sourcecode.c.h; path = ViewTaskController.h; sourceTree = "<group>"; };
		4ED4C41D1817D0FC006EB84F /* ViewTaskController.m */ = {isa = PBXFileReference; fileEncoding = 4; lastKnownFileType = sourcecode.c.objc; path = ViewTaskController.m; sourceTree = "<group>"; };
		4ED5BC54181A5FC000C1765A /* Note.h */ = {isa = PBXFileReference; fileEncoding = 4; lastKnownFileType = sourcecode.c.h; path = Note.h; sourceTree = "<group>"; };
		4ED5BC55181A5FC000C1765A /* Note.m */ = {isa = PBXFileReference; fileEncoding = 4; lastKnownFileType = sourcecode.c.objc; path = Note.m; sourceTree = "<group>"; };
		4ED5BC5D181A61AD00C1765A /* Category1.h */ = {isa = PBXFileReference; fileEncoding = 4; lastKnownFileType = sourcecode.c.h; path = Category1.h; sourceTree = "<group>"; };
		4ED5BC5E181A61AD00C1765A /* Category1.m */ = {isa = PBXFileReference; fileEncoding = 4; lastKnownFileType = sourcecode.c.objc; path = Category1.m; sourceTree = "<group>"; };
/* End PBXFileReference section */

/* Begin PBXFrameworksBuildPhase section */
		4EA95BE218081E4F0061D231 /* Frameworks */ = {
			isa = PBXFrameworksBuildPhase;
			buildActionMask = 2147483647;
			files = (
				4E5718B6184CCAEA004FE39C /* libsqlite3.dylib in Frameworks */,
				4EA95BEB18081E4F0061D231 /* CoreGraphics.framework in Frameworks */,
				4EA95BED18081E4F0061D231 /* UIKit.framework in Frameworks */,
				4EA95BE918081E4F0061D231 /* Foundation.framework in Frameworks */,
			);
			runOnlyForDeploymentPostprocessing = 0;
		};
		4EA95BFD18081E4F0061D231 /* Frameworks */ = {
			isa = PBXFrameworksBuildPhase;
			buildActionMask = 2147483647;
			files = (
				4EA95C0218081E4F0061D231 /* XCTest.framework in Frameworks */,
				4EA95C0418081E500061D231 /* UIKit.framework in Frameworks */,
				4EA95C0318081E500061D231 /* Foundation.framework in Frameworks */,
			);
			runOnlyForDeploymentPostprocessing = 0;
		};
/* End PBXFrameworksBuildPhase section */

/* Begin PBXGroup section */
		4EA95BDC18081E4F0061D231 = {
			isa = PBXGroup;
			children = (
				4EA95BEE18081E4F0061D231 /* To-Do */,
				4EA95C0718081E500061D231 /* To-DoTests */,
				4EA95BE718081E4F0061D231 /* Frameworks */,
				4EA95BE618081E4F0061D231 /* Products */,
			);
			sourceTree = "<group>";
		};
		4EA95BE618081E4F0061D231 /* Products */ = {
			isa = PBXGroup;
			children = (
				4EA95BE518081E4F0061D231 /* To-Do.app */,
				4EA95C0018081E4F0061D231 /* To-DoTests.xctest */,
			);
			name = Products;
			sourceTree = "<group>";
		};
		4EA95BE718081E4F0061D231 /* Frameworks */ = {
			isa = PBXGroup;
			children = (
				4E5718B5184CCAEA004FE39C /* libsqlite3.dylib */,
				4EA95BE818081E4F0061D231 /* Foundation.framework */,
				4EA95BEA18081E4F0061D231 /* CoreGraphics.framework */,
				4EA95BEC18081E4F0061D231 /* UIKit.framework */,
				4EA95C0118081E4F0061D231 /* XCTest.framework */,
			);
			name = Frameworks;
			sourceTree = "<group>";
		};
		4EA95BEE18081E4F0061D231 /* To-Do */ = {
			isa = PBXGroup;
			children = (
				4ED4C4191817D0FC006EB84F /* Task.h */,
				4ED4C4181817D0FC006EB84F /* Task.m */,
				4ED5BC54181A5FC000C1765A /* Note.h */,
				4ED5BC55181A5FC000C1765A /* Note.m */,
				4ED5BC5D181A61AD00C1765A /* Category1.h */,
				4ED5BC5E181A61AD00C1765A /* Category1.m */,
				4E5718B2184CCA96004FE39C /* DBManager.h */,
				4E5718B3184CCA96004FE39C /* DBManager.m */,
				4EB8B910186B9BFA00C6B3F3 /* Manager.h */,
				4EB8B911186B9BFA00C6B3F3 /* Manager.m */,
				4EBC94F2184F732A006AC2CE /* LogManager.h */,
				4EBC94F3184F732A006AC2CE /* LogManager.m */,
				4ED4C4141817D0FC006EB84F /* MainViewController.h */,
				4ED4C4151817D0FC006EB84F /* MainViewController.m */,
				4ED4C41C1817D0FC006EB84F /* ViewTaskController.h */,
				4ED4C41D1817D0FC006EB84F /* ViewTaskController.m */,
				4E5A7150181E6E05001ED6FF /* NotesViewController.h */,
				4E5A7151181E6E05001ED6FF /* NotesViewController.m */,
				4ED4C4161817D0FC006EB84F /* NewTaskViewController.h */,
				4ED4C4171817D0FC006EB84F /* NewTaskViewController.m */,
				4ED4C41A1817D0FC006EB84F /* To_DoAppDelegate.m */,
				4ED4C41B1817D0FC006EB84F /* To_DoAppDelegate.h */,
				4EA95BFA18081E4F0061D231 /* Images.xcassets */,
				4EA95BEF18081E4F0061D231 /* Supporting Files */,
			);
			path = "To-Do";
			sourceTree = "<group>";
		};
		4EA95BEF18081E4F0061D231 /* Supporting Files */ = {
			isa = PBXGroup;
			children = (
				4EA95BF018081E4F0061D231 /* To-Do-Info.plist */,
				4EA95BF118081E4F0061D231 /* InfoPlist.strings */,
				4EA95BF418081E4F0061D231 /* main.m */,
				4EA95BF618081E4F0061D231 /* To-Do-Prefix.pch */,
			);
			name = "Supporting Files";
			sourceTree = "<group>";
		};
		4EA95C0718081E500061D231 /* To-DoTests */ = {
			isa = PBXGroup;
			children = (
				4EA95C0D18081E500061D231 /* To_DoTests.m */,
				4EA95C0818081E500061D231 /* Supporting Files */,
			);
			path = "To-DoTests";
			sourceTree = "<group>";
		};
		4EA95C0818081E500061D231 /* Supporting Files */ = {
			isa = PBXGroup;
			children = (
				4EA95C0918081E500061D231 /* To-DoTests-Info.plist */,
				4EA95C0A18081E500061D231 /* InfoPlist.strings */,
			);
			name = "Supporting Files";
			sourceTree = "<group>";
		};
/* End PBXGroup section */

/* Begin PBXNativeTarget section */
		4EA95BE418081E4F0061D231 /* To-Do */ = {
			isa = PBXNativeTarget;
			buildConfigurationList = 4EA95C1118081E500061D231 /* Build configuration list for PBXNativeTarget "To-Do" */;
			buildPhases = (
				4EA95BE118081E4F0061D231 /* Sources */,
				4EA95BE218081E4F0061D231 /* Frameworks */,
				4EA95BE318081E4F0061D231 /* Resources */,
			);
			buildRules = (
			);
			dependencies = (
			);
			name = "To-Do";
			productName = "To-Do";
			productReference = 4EA95BE518081E4F0061D231 /* To-Do.app */;
			productType = "com.apple.product-type.application";
		};
		4EA95BFF18081E4F0061D231 /* To-DoTests */ = {
			isa = PBXNativeTarget;
			buildConfigurationList = 4EA95C1418081E500061D231 /* Build configuration list for PBXNativeTarget "To-DoTests" */;
			buildPhases = (
				4EA95BFC18081E4F0061D231 /* Sources */,
				4EA95BFD18081E4F0061D231 /* Frameworks */,
				4EA95BFE18081E4F0061D231 /* Resources */,
			);
			buildRules = (
			);
			dependencies = (
				4EA95C0618081E500061D231 /* PBXTargetDependency */,
			);
			name = "To-DoTests";
			productName = "To-DoTests";
			productReference = 4EA95C0018081E4F0061D231 /* To-DoTests.xctest */;
			productType = "com.apple.product-type.bundle.unit-test";
		};
/* End PBXNativeTarget section */

/* Begin PBXProject section */
		4EA95BDD18081E4F0061D231 /* Project object */ = {
			isa = PBXProject;
			attributes = {
				CLASSPREFIX = "To-Do";
				LastUpgradeCheck = 0500;
				ORGANIZATIONNAME = "Mats Sandvoll";
				TargetAttributes = {
					4EA95BE418081E4F0061D231 = {
						DevelopmentTeam = 75WP5Y65NV;
					};
					4EA95BFF18081E4F0061D231 = {
						TestTargetID = 4EA95BE418081E4F0061D231;
					};
				};
			};
			buildConfigurationList = 4EA95BE018081E4F0061D231 /* Build configuration list for PBXProject "To-Do" */;
			compatibilityVersion = "Xcode 3.2";
			developmentRegion = English;
			hasScannedForEncodings = 0;
			knownRegions = (
				en,
			);
			mainGroup = 4EA95BDC18081E4F0061D231;
			productRefGroup = 4EA95BE618081E4F0061D231 /* Products */;
			projectDirPath = "";
			projectRoot = "";
			targets = (
				4EA95BE418081E4F0061D231 /* To-Do */,
				4EA95BFF18081E4F0061D231 /* To-DoTests */,
			);
		};
/* End PBXProject section */

/* Begin PBXResourcesBuildPhase section */
		4EA95BE318081E4F0061D231 /* Resources */ = {
			isa = PBXResourcesBuildPhase;
			buildActionMask = 2147483647;
			files = (
				4EA95BF318081E4F0061D231 /* InfoPlist.strings in Resources */,
				4EA95BFB18081E4F0061D231 /* Images.xcassets in Resources */,
			);
			runOnlyForDeploymentPostprocessing = 0;
		};
		4EA95BFE18081E4F0061D231 /* Resources */ = {
			isa = PBXResourcesBuildPhase;
			buildActionMask = 2147483647;
			files = (
				4EA95C0C18081E500061D231 /* InfoPlist.strings in Resources */,
			);
			runOnlyForDeploymentPostprocessing = 0;
		};
/* End PBXResourcesBuildPhase section */

/* Begin PBXSourcesBuildPhase section */
		4EA95BE118081E4F0061D231 /* Sources */ = {
			isa = PBXSourcesBuildPhase;
			buildActionMask = 2147483647;
			files = (
				4ED4C4211817D0FC006EB84F /* To_DoAppDelegate.m in Sources */,
				4EA95BF518081E4F0061D231 /* main.m in Sources */,
				4ED4C41E1817D0FC006EB84F /* MainViewController.m in Sources */,
				4ED4C41F1817D0FC006EB84F /* NewTaskViewController.m in Sources */,
				4ED4C4221817D0FC006EB84F /* ViewTaskController.m in Sources */,
				4ED5BC5F181A61AD00C1765A /* Category1.m in Sources */,
				4EBC94F4184F732A006AC2CE /* LogManager.m in Sources */,
				4EB8B912186B9BFA00C6B3F3 /* Manager.m in Sources */,
				4ED5BC56181A5FC000C1765A /* Note.m in Sources */,
				4ED4C4201817D0FC006EB84F /* Task.m in Sources */,
				4E5A7152181E6E05001ED6FF /* NotesViewController.m in Sources */,
				4E5718B4184CCA96004FE39C /* DBManager.m in Sources */,
			);
			runOnlyForDeploymentPostprocessing = 0;
		};
		4EA95BFC18081E4F0061D231 /* Sources */ = {
			isa = PBXSourcesBuildPhase;
			buildActionMask = 2147483647;
			files = (
				4EA95C0E18081E500061D231 /* To_DoTests.m in Sources */,
			);
			runOnlyForDeploymentPostprocessing = 0;
		};
/* End PBXSourcesBuildPhase section */

/* Begin PBXTargetDependency section */
		4EA95C0618081E500061D231 /* PBXTargetDependency */ = {
			isa = PBXTargetDependency;
			target = 4EA95BE418081E4F0061D231 /* To-Do */;
			targetProxy = 4EA95C0518081E500061D231 /* PBXContainerItemProxy */;
		};
/* End PBXTargetDependency section */

/* Begin PBXVariantGroup section */
		4EA95BF118081E4F0061D231 /* InfoPlist.strings */ = {
			isa = PBXVariantGroup;
			children = (
				4EA95BF218081E4F0061D231 /* en */,
			);
			name = InfoPlist.strings;
			sourceTree = "<group>";
		};
		4EA95C0A18081E500061D231 /* InfoPlist.strings */ = {
			isa = PBXVariantGroup;
			children = (
				4EA95C0B18081E500061D231 /* en */,
			);
			name = InfoPlist.strings;
			sourceTree = "<group>";
		};
/* End PBXVariantGroup section */

/* Begin XCBuildConfiguration section */
		4EA95C0F18081E500061D231 /* Debug */ = {
			isa = XCBuildConfiguration;
			buildSettings = {
				ALWAYS_SEARCH_USER_PATHS = NO;
				ARCHS = "$(ARCHS_STANDARD_INCLUDING_64_BIT)";
				CLANG_CXX_LANGUAGE_STANDARD = "gnu++0x";
				CLANG_CXX_LIBRARY = "libc++";
				CLANG_ENABLE_MODULES = YES;
				CLANG_ENABLE_OBJC_ARC = YES;
				CLANG_WARN_BOOL_CONVERSION = YES;
				CLANG_WARN_CONSTANT_CONVERSION = YES;
				CLANG_WARN_DIRECT_OBJC_ISA_USAGE = YES_ERROR;
				CLANG_WARN_EMPTY_BODY = YES;
				CLANG_WARN_ENUM_CONVERSION = YES;
				CLANG_WARN_INT_CONVERSION = YES;
				CLANG_WARN_OBJC_ROOT_CLASS = YES_ERROR;
				CLANG_WARN__DUPLICATE_METHOD_MATCH = YES;
				"CODE_SIGN_IDENTITY[sdk=iphoneos*]" = "iPhone Developer";
				COPY_PHASE_STRIP = NO;
				GCC_C_LANGUAGE_STANDARD = gnu99;
				GCC_DYNAMIC_NO_PIC = NO;
				GCC_OPTIMIZATION_LEVEL = 0;
				GCC_PREPROCESSOR_DEFINITIONS = (
					"DEBUG=1",
					"$(inherited)",
				);
				GCC_SYMBOLS_PRIVATE_EXTERN = NO;
				GCC_WARN_64_TO_32_BIT_CONVERSION = YES;
				GCC_WARN_ABOUT_RETURN_TYPE = YES_ERROR;
				GCC_WARN_UNDECLARED_SELECTOR = YES;
				GCC_WARN_UNINITIALIZED_AUTOS = YES;
				GCC_WARN_UNUSED_FUNCTION = YES;
				GCC_WARN_UNUSED_VARIABLE = YES;
				IPHONEOS_DEPLOYMENT_TARGET = 7.0;
				ONLY_ACTIVE_ARCH = YES;
				SDKROOT = iphoneos;
			};
			name = Debug;
		};
		4EA95C1018081E500061D231 /* Release */ = {
			isa = XCBuildConfiguration;
			buildSettings = {
				ALWAYS_SEARCH_USER_PATHS = NO;
				ARCHS = "$(ARCHS_STANDARD_INCLUDING_64_BIT)";
				CLANG_CXX_LANGUAGE_STANDARD = "gnu++0x";
				CLANG_CXX_LIBRARY = "libc++";
				CLANG_ENABLE_MODULES = YES;
				CLANG_ENABLE_OBJC_ARC = YES;
				CLANG_WARN_BOOL_CONVERSION = YES;
				CLANG_WARN_CONSTANT_CONVERSION = YES;
				CLANG_WARN_DIRECT_OBJC_ISA_USAGE = YES_ERROR;
				CLANG_WARN_EMPTY_BODY = YES;
				CLANG_WARN_ENUM_CONVERSION = YES;
				CLANG_WARN_INT_CONVERSION = YES;
				CLANG_WARN_OBJC_ROOT_CLASS = YES_ERROR;
				CLANG_WARN__DUPLICATE_METHOD_MATCH = YES;
				"CODE_SIGN_IDENTITY[sdk=iphoneos*]" = "iPhone Developer";
				COPY_PHASE_STRIP = YES;
				ENABLE_NS_ASSERTIONS = NO;
				GCC_C_LANGUAGE_STANDARD = gnu99;
				GCC_WARN_64_TO_32_BIT_CONVERSION = YES;
				GCC_WARN_ABOUT_RETURN_TYPE = YES_ERROR;
				GCC_WARN_UNDECLARED_SELECTOR = YES;
				GCC_WARN_UNINITIALIZED_AUTOS = YES;
				GCC_WARN_UNUSED_FUNCTION = YES;
				GCC_WARN_UNUSED_VARIABLE = YES;
				IPHONEOS_DEPLOYMENT_TARGET = 7.0;
				SDKROOT = iphoneos;
				VALIDATE_PRODUCT = YES;
			};
			name = Release;
		};
		4EA95C1218081E500061D231 /* Debug */ = {
			isa = XCBuildConfiguration;
			buildSettings = {
				ASSETCATALOG_COMPILER_APPICON_NAME = AppIcon;
				ASSETCATALOG_COMPILER_LAUNCHIMAGE_NAME = LaunchImage;
				CODE_SIGN_IDENTITY = "iPhone Developer";
				GCC_PRECOMPILE_PREFIX_HEADER = YES;
				GCC_PREFIX_HEADER = "To-Do/To-Do-Prefix.pch";
				INFOPLIST_FILE = "To-Do/To-Do-Info.plist";
				PRODUCT_NAME = "$(TARGET_NAME)";
				WRAPPER_EXTENSION = app;
			};
			name = Debug;
		};
		4EA95C1318081E500061D231 /* Release */ = {
			isa = XCBuildConfiguration;
			buildSettings = {
				ASSETCATALOG_COMPILER_APPICON_NAME = AppIcon;
				ASSETCATALOG_COMPILER_LAUNCHIMAGE_NAME = LaunchImage;
				CODE_SIGN_IDENTITY = "iPhone Developer";
				GCC_PRECOMPILE_PREFIX_HEADER = YES;
				GCC_PREFIX_HEADER = "To-Do/To-Do-Prefix.pch";
				INFOPLIST_FILE = "To-Do/To-Do-Info.plist";
				PRODUCT_NAME = "$(TARGET_NAME)";
				WRAPPER_EXTENSION = app;
			};
			name = Release;
		};
		4EA95C1518081E500061D231 /* Debug */ = {
			isa = XCBuildConfiguration;
			buildSettings = {
				ARCHS = "$(ARCHS_STANDARD_INCLUDING_64_BIT)";
				BUNDLE_LOADER = "$(BUILT_PRODUCTS_DIR)/To-Do.app/To-Do";
				FRAMEWORK_SEARCH_PATHS = (
					"$(SDKROOT)/Developer/Library/Frameworks",
					"$(inherited)",
					"$(DEVELOPER_FRAMEWORKS_DIR)",
				);
				GCC_PRECOMPILE_PREFIX_HEADER = YES;
				GCC_PREFIX_HEADER = "To-Do/To-Do-Prefix.pch";
				GCC_PREPROCESSOR_DEFINITIONS = (
					"DEBUG=1",
					"$(inherited)",
				);
				INFOPLIST_FILE = "To-DoTests/To-DoTests-Info.plist";
				PRODUCT_NAME = "$(TARGET_NAME)";
				TEST_HOST = "$(BUNDLE_LOADER)";
				WRAPPER_EXTENSION = xctest;
			};
			name = Debug;
		};
		4EA95C1618081E500061D231 /* Release */ = {
			isa = XCBuildConfiguration;
			buildSettings = {
				ARCHS = "$(ARCHS_STANDARD_INCLUDING_64_BIT)";
				BUNDLE_LOADER = "$(BUILT_PRODUCTS_DIR)/To-Do.app/To-Do";
				FRAMEWORK_SEARCH_PATHS = (
					"$(SDKROOT)/Developer/Library/Frameworks",
					"$(inherited)",
					"$(DEVELOPER_FRAMEWORKS_DIR)",
				);
				GCC_PRECOMPILE_PREFIX_HEADER = YES;
				GCC_PREFIX_HEADER = "To-Do/To-Do-Prefix.pch";
				INFOPLIST_FILE = "To-DoTests/To-DoTests-Info.plist";
				PRODUCT_NAME = "$(TARGET_NAME)";
				TEST_HOST = "$(BUNDLE_LOADER)";
				WRAPPER_EXTENSION = xctest;
			};
			name = Release;
		};
/* End XCBuildConfiguration section */

/* Begin XCConfigurationList section */
		4EA95BE018081E4F0061D231 /* Build configuration list for PBXProject "To-Do" */ = {
			isa = XCConfigurationList;
			buildConfigurations = (
				4EA95C0F18081E500061D231 /* Debug */,
				4EA95C1018081E500061D231 /* Release */,
			);
			defaultConfigurationIsVisible = 0;
			defaultConfigurationName = Release;
		};
		4EA95C1118081E500061D231 /* Build configuration list for PBXNativeTarget "To-Do" */ = {
			isa = XCConfigurationList;
			buildConfigurations = (
				4EA95C1218081E500061D231 /* Debug */,
				4EA95C1318081E500061D231 /* Release */,
			);
			defaultConfigurationIsVisible = 0;
			defaultConfigurationName = Release;
		};
		4EA95C1418081E500061D231 /* Build configuration list for PBXNativeTarget "To-DoTests" */ = {
			isa = XCConfigurationList;
			buildConfigurations = (
				4EA95C1518081E500061D231 /* Debug */,
				4EA95C1618081E500061D231 /* Release */,
			);
			defaultConfigurationIsVisible = 0;
			defaultConfigurationName = Release;
		};
/* End XCConfigurationList section */
	};
	rootObject = 4EA95BDD18081E4F0061D231 /* Project object */;
}
